// !$*UTF8*$!
{
	archiveVersion = 1;
	classes = {
	};
	objectVersion = 48;
	objects = {

/* Begin PBXBuildFile section */
		E11807391FF3731000E90F86 /* AppDelegate.swift in Sources */ = {isa = PBXBuildFile; fileRef = E11807381FF3731000E90F86 /* AppDelegate.swift */; };
		E118073B1FF3731000E90F86 /* ViewController.swift in Sources */ = {isa = PBXBuildFile; fileRef = E118073A1FF3731000E90F86 /* ViewController.swift */; };
		E118073E1FF3731000E90F86 /* Main.storyboard in Resources */ = {isa = PBXBuildFile; fileRef = E118073C1FF3731000E90F86 /* Main.storyboard */; };
		E11807401FF3731000E90F86 /* Assets.xcassets in Resources */ = {isa = PBXBuildFile; fileRef = E118073F1FF3731000E90F86 /* Assets.xcassets */; };
		E11807431FF3731000E90F86 /* LaunchScreen.storyboard in Resources */ = {isa = PBXBuildFile; fileRef = E11807411FF3731000E90F86 /* LaunchScreen.storyboard */; };
/* End PBXBuildFile section */

/* Begin PBXFileReference section */
		E11807351FF3731000E90F86 /* LongestSubstringWithoutRepeatingCharacters.app */ = {isa = PBXFileReference; explicitFileType = wrapper.application; includeInIndex = 0; path = LongestSubstringWithoutRepeatingCharacters.app; sourceTree = BUILT_PRODUCTS_DIR; };
		E11807381FF3731000E90F86 /* AppDelegate.swift */ = {isa = PBXFileReference; lastKnownFileType = sourcecode.swift; path = AppDelegate.swift; sourceTree = "<group>"; };
		E118073A1FF3731000E90F86 /* ViewController.swift */ = {isa = PBXFileReference; lastKnownFileType = sourcecode.swift; path = ViewController.swift; sourceTree = "<group>"; };
		E118073D1FF3731000E90F86 /* Base */ = {isa = PBXFileReference; lastKnownFileType = file.storyboard; name = Base; path = Base.lproj/Main.storyboard; sourceTree = "<group>"; };
		E118073F1FF3731000E90F86 /* Assets.xcassets */ = {isa = PBXFileReference; lastKnownFileType = folder.assetcatalog; path = Assets.xcassets; sourceTree = "<group>"; };
		E11807421FF3731000E90F86 /* Base */ = {isa = PBXFileReference; lastKnownFileType = file.storyboard; name = Base; path = Base.lproj/LaunchScreen.storyboard; sourceTree = "<group>"; };
		E11807441FF3731000E90F86 /* Info.plist */ = {isa = PBXFileReference; lastKnownFileType = text.plist.xml; path = Info.plist; sourceTree = "<group>"; };
/* End PBXFileReference section */

/* Begin PBXFrameworksBuildPhase section */
		E11807321FF3731000E90F86 /* Frameworks */ = {
			isa = PBXFrameworksBuildPhase;
			buildActionMask = 2147483647;
			files = (
			);
			runOnlyForDeploymentPostprocessing = 0;
		};
/* End PBXFrameworksBuildPhase section */

/* Begin PBXGroup section */
		E118072C1FF3731000E90F86 = {
			isa = PBXGroup;
			children = (
				E11807371FF3731000E90F86 /* LongestSubstringWithoutRepeatingCharacters */,
				E11807361FF3731000E90F86 /* Products */,
			);
			sourceTree = "<group>";
		};
		E11807361FF3731000E90F86 /* Products */ = {
			isa = PBXGroup;
			children = (
				E11807351FF3731000E90F86 /* LongestSubstringWithoutRepeatingCharacters.app */,
			);
			name = Products;
			sourceTree = "<group>";
		};
		E11807371FF3731000E90F86 /* LongestSubstringWithoutRepeatingCharacters */ = {
			isa = PBXGroup;
			children = (
				E11807381FF3731000E90F86 /* AppDelegate.swift */,
				E118073A1FF3731000E90F86 /* ViewController.swift */,
				E118073C1FF3731000E90F86 /* Main.storyboard */,
				E118073F1FF3731000E90F86 /* Assets.xcassets */,
				E11807411FF3731000E90F86 /* LaunchScreen.storyboard */,
				E11807441FF3731000E90F86 /* Info.plist */,
			);
			path = LongestSubstringWithoutRepeatingCharacters;
			sourceTree = "<group>";
		};
/* End PBXGroup section */

/* Begin PBXNativeTarget section */
		E11807341FF3731000E90F86 /* LongestSubstringWithoutRepeatingCharacters */ = {
			isa = PBXNativeTarget;
			buildConfigurationList = E11807471FF3731000E90F86 /* Build configuration list for PBXNativeTarget "LongestSubstringWithoutRepeatingCharacters" */;
			buildPhases = (
				E11807311FF3731000E90F86 /* Sources */,
				E11807321FF3731000E90F86 /* Frameworks */,
				E11807331FF3731000E90F86 /* Resources */,
			);
			buildRules = (
			);
			dependencies = (
			);
			name = LongestSubstringWithoutRepeatingCharacters;
			productName = LongestSubstringWithoutRepeatingCharacters;
			productReference = E11807351FF3731000E90F86 /* LongestSubstringWithoutRepeatingCharacters.app */;
			productType = "com.apple.product-type.application";
		};
/* End PBXNativeTarget section */

/* Begin PBXProject section */
		E118072D1FF3731000E90F86 /* Project object */ = {
			isa = PBXProject;
			attributes = {
				LastSwiftUpdateCheck = 0920;
				LastUpgradeCheck = 0920;
				ORGANIZATIONNAME = "朱继卿";
				TargetAttributes = {
					E11807341FF3731000E90F86 = {
						CreatedOnToolsVersion = 9.2;
						ProvisioningStyle = Automatic;
					};
				};
			};
			buildConfigurationList = E11807301FF3731000E90F86 /* Build configuration list for PBXProject "LongestSubstringWithoutRepeatingCharacters" */;
			compatibilityVersion = "Xcode 8.0";
			developmentRegion = en;
			hasScannedForEncodings = 0;
			knownRegions = (
				en,
				Base,
			);
			mainGroup = E118072C1FF3731000E90F86;
			productRefGroup = E11807361FF3731000E90F86 /* Products */;
			projectDirPath = "";
			projectRoot = "";
			targets = (
				E11807341FF3731000E90F86 /* LongestSubstringWithoutRepeatingCharacters */,
			);
		};
/* End PBXProject section */

/* Begin PBXResourcesBuildPhase section */
		E11807331FF3731000E90F86 /* Resources */ = {
			isa = PBXResourcesBuildPhase;
			buildActionMask = 2147483647;
			files = (
				E11807431FF3731000E90F86 /* LaunchScreen.storyboard in Resources */,
				E11807401FF3731000E90F86 /* Assets.xcassets in Resources */,
				E118073E1FF3731000E90F86 /* Main.storyboard in Resources */,
			);
			runOnlyForDeploymentPostprocessing = 0;
		};
/* End PBXResourcesBuildPhase section */

/* Begin PBXSourcesBuildPhase section */
		E11807311FF3731000E90F86 /* Sources */ = {
			isa = PBXSourcesBuildPhase;
			buildActionMask = 2147483647;
			files = (
				E118073B1FF3731000E90F86 /* ViewController.swift in Sources */,
				E11807391FF3731000E90F86 /* AppDelegate.swift in Sources */,
			);
			runOnlyForDeploymentPostprocessing = 0;
		};
/* End PBXSourcesBuildPhase section */

/* Begin PBXVariantGroup section */
		E118073C1FF3731000E90F86 /* Main.storyboard */ = {
			isa = PBXVariantGroup;
			children = (
				E118073D1FF3731000E90F86 /* Base */,
			);
			name = Main.storyboard;
			sourceTree = "<group>";
		};
		E11807411FF3731000E90F86 /* LaunchScreen.storyboard */ = {
			isa = PBXVariantGroup;
			children = (
				E11807421FF3731000E90F86 /* Base */,
			);
			name = LaunchScreen.storyboard;
			sourceTree = "<group>";
		};
/* End PBXVariantGroup section */

/* Begin XCBuildConfiguration section */
		E11807451FF3731000E90F86 /* Debug */ = {
			isa = XCBuildConfiguration;
			buildSettings = {
				ALWAYS_SEARCH_USER_PATHS = NO;
				CLANG_ANALYZER_NONNULL = YES;
				CLANG_ANALYZER_NUMBER_OBJECT_CONVERSION = YES_AGGRESSIVE;
				CLANG_CXX_LANGUAGE_STANDARD = "gnu++14";
				CLANG_CXX_LIBRARY = "libc++";
				CLANG_ENABLE_MODULES = YES;
				CLANG_ENABLE_OBJC_ARC = YES;
				CLANG_WARN_BLOCK_CAPTURE_AUTORELEASING = YES;
				CLANG_WARN_BOOL_CONVERSION = YES;
				CLANG_WARN_COMMA = YES;
				CLANG_WARN_CONSTANT_CONVERSION = YES;
				CLANG_WARN_DIRECT_OBJC_ISA_USAGE = YES_ERROR;
				CLANG_WARN_DOCUMENTATION_COMMENTS = YES;
				CLANG_WARN_EMPTY_BODY = YES;
				CLANG_WARN_ENUM_CONVERSION = YES;
				CLANG_WARN_INFINITE_RECURSION = YES;
				CLANG_WARN_INT_CONVERSION = YES;
				CLANG_WARN_NON_LITERAL_NULL_CONVERSION = YES;
				CLANG_WARN_OBJC_LITERAL_CONVERSION = YES;
				CLANG_WARN_OBJC_ROOT_CLASS = YES_ERROR;
				CLANG_WARN_RANGE_LOOP_ANALYSIS = YES;
				CLANG_WARN_STRICT_PROTOTYPES = YES;
				CLANG_WARN_SUSPICIOUS_MOVE = YES;
				CLANG_WARN_UNGUARDED_AVAILABILITY = YES_AGGRESSIVE;
				CLANG_WARN_UNREACHABLE_CODE = YES;
				CLANG_WARN__DUPLICATE_METHOD_MATCH = YES;
				CODE_SIGN_IDENTITY = "iPhone Developer";
				COPY_PHASE_STRIP = NO;
				DEBUG_INFORMATION_FORMAT = dwarf;
				ENABLE_STRICT_OBJC_MSGSEND = YES;
				ENABLE_TESTABILITY = YES;
				GCC_C_LANGUAGE_STANDARD = gnu11;
				GCC_DYNAMIC_NO_PIC = NO;
				GCC_NO_COMMON_BLOCKS = YES;
				GCC_OPTIMIZATION_LEVEL = 0;
				GCC_PREPROCESSOR_DEFINITIONS = (
					"DEBUG=1",
					"$(inherited)",
				);
				GCC_WARN_64_TO_32_BIT_CONVERSION = YES;
				GCC_WARN_ABOUT_RETURN_TYPE = YES_ERROR;
				GCC_WARN_UNDECLARED_SELECTOR = YES;
				GCC_WARN_UNINITIALIZED_AUTOS = YES_AGGRESSIVE;
				GCC_WARN_UNUSED_FUNCTION = YES;
				GCC_WARN_UNUSED_VARIABLE = YES;
				IPHONEOS_DEPLOYMENT_TARGET = 11.2;
				MTL_ENABLE_DEBUG_INFO = YES;
				ONLY_ACTIVE_ARCH = YES;
				SDKROOT = iphoneos;
				SWIFT_ACTIVE_COMPILATION_CONDITIONS = DEBUG;
				SWIFT_OPTIMIZATION_LEVEL = "-Onone";
			};
			name = Debug;
		};
		E11807461FF3731000E90F86 /* Release */ = {
			isa = XCBuildConfiguration;
			buildSettings = {
				ALWAYS_SEARCH_USER_PATHS = NO;
				CLANG_ANALYZER_NONNULL = YES;
				CLANG_ANALYZER_NUMBER_OBJECT_CONVERSION = YES_AGGRESSIVE;
				CLANG_CXX_LANGUAGE_STANDARD = "gnu++14";
				CLANG_CXX_LIBRARY = "libc++";
				CLANG_ENABLE_MODULES = YES;
				CLANG_ENABLE_OBJC_ARC = YES;
				CLANG_WARN_BLOCK_CAPTURE_AUTORELEASING = YES;
				CLANG_WARN_BOOL_CONVERSION = YES;
				CLANG_WARN_COMMA = YES;
				CLANG_WARN_CONSTANT_CONVERSION = YES;
				CLANG_WARN_DIRECT_OBJC_ISA_USAGE = YES_ERROR;
				CLANG_WARN_DOCUMENTATION_COMMENTS = YES;
				CLANG_WARN_EMPTY_BODY = YES;
				CLANG_WARN_ENUM_CONVERSION = YES;
				CLANG_WARN_INFINITE_RECURSION = YES;
				CLANG_WARN_INT_CONVERSION = YES;
				CLANG_WARN_NON_LITERAL_NULL_CONVERSION = YES;
				CLANG_WARN_OBJC_LITERAL_CONVERSION = YES;
				CLANG_WARN_OBJC_ROOT_CLASS = YES_ERROR;
				CLANG_WARN_RANGE_LOOP_ANALYSIS = YES;
				CLANG_WARN_STRICT_PROTOTYPES = YES;
				CLANG_WARN_SUSPICIOUS_MOVE = YES;
				CLANG_WARN_UNGUARDED_AVAILABILITY = YES_AGGRESSIVE;
				CLANG_WARN_UNREACHABLE_CODE = YES;
				CLANG_WARN__DUPLICATE_METHOD_MATCH = YES;
				CODE_SIGN_IDENTITY = "iPhone Developer";
				COPY_PHASE_STRIP = NO;
				DEBUG_INFORMATION_FORMAT = "dwarf-with-dsym";
				ENABLE_NS_ASSERTIONS = NO;
				ENABLE_STRICT_OBJC_MSGSEND = YES;
				GCC_C_LANGUAGE_STANDARD = gnu11;
				GCC_NO_COMMON_BLOCKS = YES;
				GCC_WARN_64_TO_32_BIT_CONVERSION = YES;
				GCC_WARN_ABOUT_RETURN_TYPE = YES_ERROR;
				GCC_WARN_UNDECLARED_SELECTOR = YES;
				GCC_WARN_UNINITIALIZED_AUTOS = YES_AGGRESSIVE;
				GCC_WARN_UNUSED_FUNCTION = YES;
				GCC_WARN_UNUSED_VARIABLE = YES;
				IPHONEOS_DEPLOYMENT_TARGET = 11.2;
				MTL_ENABLE_DEBUG_INFO = NO;
				SDKROOT = iphoneos;
				SWIFT_OPTIMIZATION_LEVEL = "-Owholemodule";
				VALIDATE_PRODUCT = YES;
			};
			name = Release;
		};
		E11807481FF3731000E90F86 /* Debug */ = {
			isa = XCBuildConfiguration;
			buildSettings = {
				ASSETCATALOG_COMPILER_APPICON_NAME = AppIcon;
				CODE_SIGN_STYLE = Automatic;
				DEVELOPMENT_TEAM = B7NL9RSXAM;
				INFOPLIST_FILE = LongestSubstringWithoutRepeatingCharacters/Info.plist;
				LD_RUNPATH_SEARCH_PATHS = "$(inherited) @executable_path/Frameworks";
				PRODUCT_BUNDLE_IDENTIFIER = verus.LongestSubstringWithoutRepeatingCharacters;
				PRODUCT_NAME = "$(TARGET_NAME)";
				SWIFT_VERSION = 4.0;
				TARGETED_DEVICE_FAMILY = "1,2";
			};
			name = Debug;
		};
		E11807491FF3731000E90F86 /* Release */ = {
			isa = XCBuildConfiguration;
			buildSettings = {
				ASSETCATALOG_COMPILER_APPICON_NAME = AppIcon;
				CODE_SIGN_STYLE = Automatic;
				DEVELOPMENT_TEAM = B7NL9RSXAM;
				INFOPLIST_FILE = LongestSubstringWithoutRepeatingCharacters/Info.plist;
				LD_RUNPATH_SEARCH_PATHS = "$(inherited) @executable_path/Frameworks";
				PRODUCT_BUNDLE_IDENTIFIER = verus.LongestSubstringWithoutRepeatingCharacters;
				PRODUCT_NAME = "$(TARGET_NAME)";
				SWIFT_VERSION = 4.0;
				TARGETED_DEVICE_FAMILY = "1,2";
			};
			name = Release;
		};
/* End XCBuildConfiguration section */

/* Begin XCConfigurationList section */
		E11807301FF3731000E90F86 /* Build configuration list for PBXProject "LongestSubstringWithoutRepeatingCharacters" */ = {
			isa = XCConfigurationList;
			buildConfigurations = (
				E11807451FF3731000E90F86 /* Debug */,
				E11807461FF3731000E90F86 /* Release */,
			);
			defaultConfigurationIsVisible = 0;
			defaultConfigurationName = Release;
		};
		E11807471FF3731000E90F86 /* Build configuration list for PBXNativeTarget "LongestSubstringWithoutRepeatingCharacters" */ = {
			isa = XCConfigurationList;
			buildConfigurations = (
				E11807481FF3731000E90F86 /* Debug */,
				E11807491FF3731000E90F86 /* Release */,
			);
			defaultConfigurationIsVisible = 0;
			defaultConfigurationName = Release;
		};
/* End XCConfigurationList section */
	};
	rootObject = E118072D1FF3731000E90F86 /* Project object */;
}
